
Microsoft Visual Studio Solution File, Format Version 12.00
# Visual Studio 15
VisualStudioVersion = 15.0.28307.271
MinimumVisualStudioVersion = 10.0.40219.1
Project("{9A19103F-16F7-4668-BE54-9A1E7A4F7556}") = "Powell.UtrTaxNumberTools", "Powell.UtrTaxNumberTools\Powell.UtrTaxNumberTools.csproj", "{D3714C07-507C-4456-917F-9FF4C2D4AF19}"
EndProject
Project("{9A19103F-16F7-4668-BE54-9A1E7A4F7556}") = "Powell.UrtTaxNumberTests", "Powell.UrtTaxNumberTests\Powell.UrtTaxNumberTests.csproj", "{DEEDE60B-D6A8-4B43-89B7-C5FC975FB123}"
EndProject
Project("{2150E333-8FDC-42A3-9474-1A3956D46DE8}") = "Miscellaneous", "Miscellaneous", "{E7A5C4CB-F1B0-4FC1-A8E1-833FBC73DAA5}"
	ProjectSection(SolutionItems) = preProject
		..\LICENSE = ..\LICENSE
		..\README.md = ..\README.md
	EndProjectSection
EndProject
Global
	GlobalSection(SolutionConfigurationPlatforms) = preSolution
		Debug|Any CPU = Debug|Any CPU
		Release|Any CPU = Release|Any CPU
	EndGlobalSection
	GlobalSection(ProjectConfigurationPlatforms) = postSolution
		{D3714C07-507C-4456-917F-9FF4C2D4AF19}.Debug|Any CPU.ActiveCfg = Debug|Any CPU
		{D3714C07-507C-4456-917F-9FF4C2D4AF19}.Debug|Any CPU.Build.0 = Debug|Any CPU
		{D3714C07-507C-4456-917F-9FF4C2D4AF19}.Release|Any CPU.ActiveCfg = Release|Any CPU
		{D3714C07-507C-4456-917F-9FF4C2D4AF19}.Release|Any CPU.Build.0 = Release|Any CPU
		{DEEDE60B-D6A8-4B43-89B7-C5FC975FB123}.Debug|Any CPU.ActiveCfg = Debug|Any CPU
		{DEEDE60B-D6A8-4B43-89B7-C5FC975FB123}.Debug|Any CPU.Build.0 = Debug|Any CPU
		{DEEDE60B-D6A8-4B43-89B7-C5FC975FB123}.Release|Any CPU.ActiveCfg = Release|Any CPU
		{DEEDE60B-D6A8-4B43-89B7-C5FC975FB123}.Release|Any CPU.Build.0 = Release|Any CPU
	EndGlobalSection
	GlobalSection(SolutionProperties) = preSolution
		HideSolutionNode = FALSE
	EndGlobalSection
	GlobalSection(ExtensibilityGlobals) = postSolution
		SolutionGuid = {2BF9BEE2-F66C-4CC5-976C-3CD7C8F817C7}
	EndGlobalSection
EndGlobal
